
Microsoft Visual Studio Solution File, Format Version 12.00
# Visual Studio Version 17
VisualStudioVersion = 17.5.33516.290
MinimumVisualStudioVersion = 10.0.40219.1
Project("{FAE04EC0-301F-11D3-BF4B-00C04F79EFBC}") = "eTickets", "eTickets\eTickets.csproj", "{B3897A40-ADF5-4D66-BFC7-4BD9D7F82356}"
EndProject
Global
	GlobalSection(SolutionConfigurationPlatforms) = preSolution
		Debug|Any CPU = Debug|Any CPU
		Release|Any CPU = Release|Any CPU
	EndGlobalSection
	GlobalSection(ProjectConfigurationPlatforms) = postSolution
		{B3897A40-ADF5-4D66-BFC7-4BD9D7F82356}.Debug|Any CPU.ActiveCfg = Debug|Any CPU
		{B3897A40-ADF5-4D66-BFC7-4BD9D7F82356}.Debug|Any CPU.Build.0 = Debug|Any CPU
		{B3897A40-ADF5-4D66-BFC7-4BD9D7F82356}.Release|Any CPU.ActiveCfg = Release|Any CPU
		{B3897A40-ADF5-4D66-BFC7-4BD9D7F82356}.Release|Any CPU.Build.0 = Release|Any CPU
	EndGlobalSection
	GlobalSection(SolutionProperties) = preSolution
		HideSolutionNode = FALSE
	EndGlobalSection
	GlobalSection(ExtensibilityGlobals) = postSolution
		SolutionGuid = {A2547F98-F0AA-4310-9941-65BFE6C5970F}
	EndGlobalSection
EndGlobal
